// !$*UTF8*$!
{
	archiveVersion = 1;
	classes = {
	};
	objectVersion = 77;
	objects = {

/* Begin PBXBuildFile section */
		00AB6F54F5BA95C969161C15 /* MonitorLiveActivity.swift in Sources */ = {isa = PBXBuildFile; fileRef = 8C36C0AFF8A325A55276AE22 /* MonitorLiveActivity.swift */; };
		02386108A9F375CE2473F930 /* DeepSeekAPI.swift in Sources */ = {isa = PBXBuildFile; fileRef = 96A88AD7216E3940C28F1AB9 /* DeepSeekAPI.swift */; };
		07A8CB574EEB8835C0142FF1 /* AuthFlowView.swift in Sources */ = {isa = PBXBuildFile; fileRef = 7206179898504C20D8785D1D /* AuthFlowView.swift */; };
		0B5FDACA8E047D5026598591 /* Models.swift in Sources */ = {isa = PBXBuildFile; fileRef = D72633A1476B059499165E93 /* Models.swift */; };
		19258AEF1054C6543895B1AE /* AgentDeviceRegistry.swift in Sources */ = {isa = PBXBuildFile; fileRef = 92EAC3085E4E8BE7D1CA4E93 /* AgentDeviceRegistry.swift */; };
		20665CEBE9C4B0BBCD308F8D /* CenterWorkspaceView.swift in Sources */ = {isa = PBXBuildFile; fileRef = 34AD5C7C76BF31D0BBE6E6DC /* CenterWorkspaceView.swift */; };
		25023885BE4147763E12655B /* AgentWorkspaceViews.swift in Sources */ = {isa = PBXBuildFile; fileRef = 99B5CCF01D5C329641A4DB58 /* AgentWorkspaceViews.swift */; };
		32FEF3AB01F15FCF226FFF1D /* UsageProvider.swift in Sources */ = {isa = PBXBuildFile; fileRef = 91538B19C33D6706122376A2 /* UsageProvider.swift */; };
		33B47159602E8B0FBBF81B44 /* UserDefaults+Shared.swift in Sources */ = {isa = PBXBuildFile; fileRef = C4E2482FF6FD862ADC68DFB4 /* UserDefaults+Shared.swift */; };
		3CB51D098FD79E6FCE3EB541 /* AgentConnectionModels.swift in Sources */ = {isa = PBXBuildFile; fileRef = 85651220CF25BAF2F51CC7D0 /* AgentConnectionModels.swift */; };
		407FADB25482BACF3D90ABD2 /* CenterHubView.swift in Sources */ = {isa = PBXBuildFile; fileRef = 075B0E3E3051631ED841EEF9 /* CenterHubView.swift */; };
		42F72AABB2777D443763DAC7 /* DashboardSnapshot.swift in Sources */ = {isa = PBXBuildFile; fileRef = C0294DDEAF34C01163BA0F8D /* DashboardSnapshot.swift */; };
		4EA6DD6F4770799FFA52C949 /* DeepLinkWidgetBundle.swift in Sources */ = {isa = PBXBuildFile; fileRef = A16121C0109ED47B0AE825A8 /* DeepLinkWidgetBundle.swift */; };
		580212F7355956BFA67614D5 /* MonitorActivityAttributes.swift in Sources */ = {isa = PBXBuildFile; fileRef = 647C640666CCCC0A6259C227 /* MonitorActivityAttributes.swift */; };
		5C5D34633FB96962BD8590B6 /* DeepSeekBalanceWidgetExtension.appex in Embed Foundation Extensions */ = {isa = PBXBuildFile; fileRef = 0E33B1C178E35D170530B827 /* DeepSeekBalanceWidgetExtension.appex */; settings = {ATTRIBUTES = (RemoveHeadersOnCopy, ); }; };
		5C9EF38CA6A7A2A823290716 /* LiveActivityManager.swift in Sources */ = {isa = PBXBuildFile; fileRef = E41A29892A401C16B8AD4C5C /* LiveActivityManager.swift */; };
		5CAD020F878F7D49EE15ECD6 /* CredentialStore.swift in Sources */ = {isa = PBXBuildFile; fileRef = 2E42FA5EEAFDAF0A0CFD8CF8 /* CredentialStore.swift */; };
		6273B8036F1145F7A4393E72 /* Ext.swift in Sources */ = {isa = PBXBuildFile; fileRef = 36BED873036F3C3CB349875C /* Ext.swift */; };
		682F7FC4DE72A08A82B41734 /* TeamModels.swift in Sources */ = {isa = PBXBuildFile; fileRef = BC262922624328C7E48E8037 /* TeamModels.swift */; };
		69EE515177181D45D1157239 /* AgentServer.swift in Sources */ = {isa = PBXBuildFile; fileRef = 978C6CEB8332B9E7D85E698E /* AgentServer.swift */; };
		6B370B80ADC063B1E0D2724E /* AppShell.swift in Sources */ = {isa = PBXBuildFile; fileRef = BA2C3F8FB93686664A85DEB1 /* AppShell.swift */; };
		6D99A740B7B8C8687AF4A562 /* MonitorActivityAttributes.swift in Sources */ = {isa = PBXBuildFile; fileRef = 647C640666CCCC0A6259C227 /* MonitorActivityAttributes.swift */; };
		6F9909B05FE89A49F36BBA44 /* CredentialStore.swift in Sources */ = {isa = PBXBuildFile; fileRef = 2E42FA5EEAFDAF0A0CFD8CF8 /* CredentialStore.swift */; };
		78D4DFD4DDC886F89A71B597 /* UsageProvider.swift in Sources */ = {isa = PBXBuildFile; fileRef = 91538B19C33D6706122376A2 /* UsageProvider.swift */; };
		80E45A717AA588B768FF5512 /* WorkflowViews.swift in Sources */ = {isa = PBXBuildFile; fileRef = AA3E6FB8B362B91C6D9F215A /* WorkflowViews.swift */; };
		854C2A4D18962B762FA630D3 /* TeamHubView.swift in Sources */ = {isa = PBXBuildFile; fileRef = D7F9498581E964E85E5EDBF7 /* TeamHubView.swift */; };
		880676DD48FF315DC7533C81 /* DeepLinkApp.swift in Sources */ = {isa = PBXBuildFile; fileRef = 7FEF6DD93043D6F0A3549C5D /* DeepLinkApp.swift */; };
		91608042272E9C02BB12D16F /* PrintReceiptViews.swift in Sources */ = {isa = PBXBuildFile; fileRef = A87228B60ADC94D4F137FA61 /* PrintReceiptViews.swift */; };
		9214ABFA6E92CEDC6CE4DC93 /* Assets.xcassets in Resources */ = {isa = PBXBuildFile; fileRef = 5CE52EF7261295BE6E752635 /* Assets.xcassets */; };
		9BDC518F532EA80BE44779CD /* CredentialStoreTests.swift in Sources */ = {isa = PBXBuildFile; fileRef = B17227C6E1374D1DB75293FE /* CredentialStoreTests.swift */; };
		9C5A205DAA635EDC0A749957 /* SettingsHomeView.swift in Sources */ = {isa = PBXBuildFile; fileRef = 4B232379D1703D6519C90479 /* SettingsHomeView.swift */; };
		9F2EB3B959D6995DDC5C5DFD /* ContentView.swift in Sources */ = {isa = PBXBuildFile; fileRef = 856C4E35F19C27245DE6702A /* ContentView.swift */; };
		A59237C23ABE33CFF46996A0 /* DeepLinkWidget.swift in Sources */ = {isa = PBXBuildFile; fileRef = 65060513164EB095A7F809C9 /* DeepLinkWidget.swift */; };
		A6CB456D6986428DE7FEB93B /* UsageRepository.swift in Sources */ = {isa = PBXBuildFile; fileRef = F80028BE5D49ADB615297858 /* UsageRepository.swift */; };
		ABEC550CE219AFFD8A89F14A /* Assets.xcassets in Resources */ = {isa = PBXBuildFile; fileRef = 37F5C0A486B2E4FF9E1474CD /* Assets.xcassets */; };
		BD7EFA52F227DB349C024437 /* HermesAPI.swift in Sources */ = {isa = PBXBuildFile; fileRef = C3A7D4065387E7162CAAE40D /* HermesAPI.swift */; };
		C305338EFE197E530473667E /* CenterModeViews.swift in Sources */ = {isa = PBXBuildFile; fileRef = AC5F0E1EC57F13CFE0A39A0A /* CenterModeViews.swift */; };
		C7D5171FEBECB54AD30E8050 /* TokenWebView.swift in Sources */ = {isa = PBXBuildFile; fileRef = 55A0AC4586F0B382D76B824A /* TokenWebView.swift */; };
		C8537F007009E072E1F4A1D8 /* DashboardSnapshot.swift in Sources */ = {isa = PBXBuildFile; fileRef = C0294DDEAF34C01163BA0F8D /* DashboardSnapshot.swift */; };
		CBA4D14904F8ACAB22F9BD9E /* WidgetPreviewView.swift in Sources */ = {isa = PBXBuildFile; fileRef = 9A9EE0FA824A9989056A311A /* WidgetPreviewView.swift */; };
		CBAA6CBC36F2D76319B11305 /* RepositoryTests.swift in Sources */ = {isa = PBXBuildFile; fileRef = 8D20CA566F9CB0FF956479A3 /* RepositoryTests.swift */; };
		CD0489D72F13F89B90BD0A11 /* FeatureSupport.swift in Sources */ = {isa = PBXBuildFile; fileRef = 5E66819C91C2EAE8306FBDD1 /* FeatureSupport.swift */; };
		CEABEC6B808A37297F650E5E /* DeepSeekAPI.swift in Sources */ = {isa = PBXBuildFile; fileRef = 96A88AD7216E3940C28F1AB9 /* DeepSeekAPI.swift */; };
		D86074525D9A72A157FE6722 /* DeepSeekProvider.swift in Sources */ = {isa = PBXBuildFile; fileRef = 5879D8AAF8BD205B815FB933 /* DeepSeekProvider.swift */; };
		D9EE88243FC0D2CB8FFBA3F4 /* DashboardStore.swift in Sources */ = {isa = PBXBuildFile; fileRef = 0172A767CBA5983C0FCFF51F /* DashboardStore.swift */; };
		DD428757843AED66F68B91AE /* AgentModule.swift in Sources */ = {isa = PBXBuildFile; fileRef = EA8DCE7A63B3B2870BE2CE53 /* AgentModule.swift */; };
		E32C204FE5DEE4DB4240AD84 /* AgentBrokerClient.swift in Sources */ = {isa = PBXBuildFile; fileRef = 7F835C0785FAA39473F7782E /* AgentBrokerClient.swift */; };
		E4AEE422CDB90482F6E106A5 /* UserDefaults+Shared.swift in Sources */ = {isa = PBXBuildFile; fileRef = C4E2482FF6FD862ADC68DFB4 /* UserDefaults+Shared.swift */; };
		EF151B6B717D11D55DDB2306 /* WorkflowModels.swift in Sources */ = {isa = PBXBuildFile; fileRef = 038C145163120D3FCC396CAE /* WorkflowModels.swift */; };
		F9F8F705171CB6CCFAC294C3 /* Models.swift in Sources */ = {isa = PBXBuildFile; fileRef = D72633A1476B059499165E93 /* Models.swift */; };
		FCC7C2CA8A95BEE47836622C /* BrokerPairing.swift in Sources */ = {isa = PBXBuildFile; fileRef = D82AAD1FCAA42964AE668ADC /* BrokerPairing.swift */; };
/* End PBXBuildFile section */

/* Begin PBXContainerItemProxy section */
		47CCF9413B5A4D335B033B5E /* PBXContainerItemProxy */ = {
			isa = PBXContainerItemProxy;
			containerPortal = 539E7A261701A704CAF2CFE4 /* Project object */;
			proxyType = 1;
			remoteGlobalIDString = 2566AD2F1C73DFF94DED6322;
			remoteInfo = DeepSeekBalanceWidgetExtension;
		};
		7649953CA6172A14570870B9 /* PBXContainerItemProxy */ = {
			isa = PBXContainerItemProxy;
			containerPortal = 539E7A261701A704CAF2CFE4 /* Project object */;
			proxyType = 1;
			remoteGlobalIDString = 412CBDDE85A1436B7026113D;
			remoteInfo = DeepLink;
		};
/* End PBXContainerItemProxy section */

/* Begin PBXCopyFilesBuildPhase section */
		E509F0349F6E0F9B23CE0175 /* Embed Foundation Extensions */ = {
			isa = PBXCopyFilesBuildPhase;
			buildActionMask = 2147483647;
			dstPath = "";
			dstSubfolderSpec = 13;
			files = (
				5C5D34633FB96962BD8590B6 /* DeepSeekBalanceWidgetExtension.appex in Embed Foundation Extensions */,
			);
			name = "Embed Foundation Extensions";
			runOnlyForDeploymentPostprocessing = 0;
		};
/* End PBXCopyFilesBuildPhase section */

/* Begin PBXFileReference section */
		0172A767CBA5983C0FCFF51F /* DashboardStore.swift */ = {isa = PBXFileReference; lastKnownFileType = sourcecode.swift; path = DashboardStore.swift; sourceTree = "<group>"; };
		038C145163120D3FCC396CAE /* WorkflowModels.swift */ = {isa = PBXFileReference; lastKnownFileType = sourcecode.swift; path = WorkflowModels.swift; sourceTree = "<group>"; };
		075B0E3E3051631ED841EEF9 /* CenterHubView.swift */ = {isa = PBXFileReference; lastKnownFileType = sourcecode.swift; path = CenterHubView.swift; sourceTree = "<group>"; };
		0E33B1C178E35D170530B827 /* DeepSeekBalanceWidgetExtension.appex */ = {isa = PBXFileReference; includeInIndex = 0; lastKnownFileType = "wrapper.app-extension"; path = DeepSeekBalanceWidgetExtension.appex; sourceTree = BUILT_PRODUCTS_DIR; };
		20B03113155F900060EA3665 /* DeepLink.app */ = {isa = PBXFileReference; includeInIndex = 0; lastKnownFileType = wrapper.application; path = DeepLink.app; sourceTree = BUILT_PRODUCTS_DIR; };
		2E42FA5EEAFDAF0A0CFD8CF8 /* CredentialStore.swift */ = {isa = PBXFileReference; lastKnownFileType = sourcecode.swift; path = CredentialStore.swift; sourceTree = "<group>"; };
		34AD5C7C76BF31D0BBE6E6DC /* CenterWorkspaceView.swift */ = {isa = PBXFileReference; lastKnownFileType = sourcecode.swift; path = CenterWorkspaceView.swift; sourceTree = "<group>"; };
		36BED873036F3C3CB349875C /* Ext.swift */ = {isa = PBXFileReference; lastKnownFileType = sourcecode.swift; path = Ext.swift; sourceTree = "<group>"; };
		37F5C0A486B2E4FF9E1474CD /* Assets.xcassets */ = {isa = PBXFileReference; lastKnownFileType = folder.assetcatalog; path = Assets.xcassets; sourceTree = "<group>"; };
		4B232379D1703D6519C90479 /* SettingsHomeView.swift */ = {isa = PBXFileReference; lastKnownFileType = sourcecode.swift; path = SettingsHomeView.swift; sourceTree = "<group>"; };
		55A0AC4586F0B382D76B824A /* TokenWebView.swift */ = {isa = PBXFileReference; lastKnownFileType = sourcecode.swift; path = TokenWebView.swift; sourceTree = "<group>"; };
		5879D8AAF8BD205B815FB933 /* DeepSeekProvider.swift */ = {isa = PBXFileReference; lastKnownFileType = sourcecode.swift; path = DeepSeekProvider.swift; sourceTree = "<group>"; };
		5CE52EF7261295BE6E752635 /* Assets.xcassets */ = {isa = PBXFileReference; lastKnownFileType = folder.assetcatalog; path = Assets.xcassets; sourceTree = "<group>"; };
		5E66819C91C2EAE8306FBDD1 /* FeatureSupport.swift */ = {isa = PBXFileReference; lastKnownFileType = sourcecode.swift; path = FeatureSupport.swift; sourceTree = "<group>"; };
		647C640666CCCC0A6259C227 /* MonitorActivityAttributes.swift */ = {isa = PBXFileReference; lastKnownFileType = sourcecode.swift; path = MonitorActivityAttributes.swift; sourceTree = "<group>"; };
		65060513164EB095A7F809C9 /* DeepLinkWidget.swift */ = {isa = PBXFileReference; lastKnownFileType = sourcecode.swift; path = DeepLinkWidget.swift; sourceTree = "<group>"; };
		7206179898504C20D8785D1D /* AuthFlowView.swift */ = {isa = PBXFileReference; lastKnownFileType = sourcecode.swift; path = AuthFlowView.swift; sourceTree = "<group>"; };
		7C907391BCD43565FCAC40CA /* DeepLink.entitlements */ = {isa = PBXFileReference; lastKnownFileType = text.plist.entitlements; path = DeepLink.entitlements; sourceTree = "<group>"; };
		7F835C0785FAA39473F7782E /* AgentBrokerClient.swift */ = {isa = PBXFileReference; lastKnownFileType = sourcecode.swift; path = AgentBrokerClient.swift; sourceTree = "<group>"; };
		7FEF6DD93043D6F0A3549C5D /* DeepLinkApp.swift */ = {isa = PBXFileReference; lastKnownFileType = sourcecode.swift; path = DeepLinkApp.swift; sourceTree = "<group>"; };
		85651220CF25BAF2F51CC7D0 /* AgentConnectionModels.swift */ = {isa = PBXFileReference; lastKnownFileType = sourcecode.swift; path = AgentConnectionModels.swift; sourceTree = "<group>"; };
		856C4E35F19C27245DE6702A /* ContentView.swift */ = {isa = PBXFileReference; lastKnownFileType = sourcecode.swift; path = ContentView.swift; sourceTree = "<group>"; };
		8C36C0AFF8A325A55276AE22 /* MonitorLiveActivity.swift */ = {isa = PBXFileReference; lastKnownFileType = sourcecode.swift; path = MonitorLiveActivity.swift; sourceTree = "<group>"; };
		8D20CA566F9CB0FF956479A3 /* RepositoryTests.swift */ = {isa = PBXFileReference; lastKnownFileType = sourcecode.swift; path = RepositoryTests.swift; sourceTree = "<group>"; };
		91538B19C33D6706122376A2 /* UsageProvider.swift */ = {isa = PBXFileReference; lastKnownFileType = sourcecode.swift; path = UsageProvider.swift; sourceTree = "<group>"; };
		92841ABB3C6FDBDC73AE55F8 /* Info.plist */ = {isa = PBXFileReference; lastKnownFileType = text.plist; path = Info.plist; sourceTree = "<group>"; };
		92EAC3085E4E8BE7D1CA4E93 /* AgentDeviceRegistry.swift */ = {isa = PBXFileReference; lastKnownFileType = sourcecode.swift; path = AgentDeviceRegistry.swift; sourceTree = "<group>"; };
		96A88AD7216E3940C28F1AB9 /* DeepSeekAPI.swift */ = {isa = PBXFileReference; lastKnownFileType = sourcecode.swift; path = DeepSeekAPI.swift; sourceTree = "<group>"; };
		978C6CEB8332B9E7D85E698E /* AgentServer.swift */ = {isa = PBXFileReference; lastKnownFileType = sourcecode.swift; path = AgentServer.swift; sourceTree = "<group>"; };
		99B5CCF01D5C329641A4DB58 /* AgentWorkspaceViews.swift */ = {isa = PBXFileReference; lastKnownFileType = sourcecode.swift; path = AgentWorkspaceViews.swift; sourceTree = "<group>"; };
		9A9EE0FA824A9989056A311A /* WidgetPreviewView.swift */ = {isa = PBXFileReference; lastKnownFileType = sourcecode.swift; path = WidgetPreviewView.swift; sourceTree = "<group>"; };
		A16121C0109ED47B0AE825A8 /* DeepLinkWidgetBundle.swift */ = {isa = PBXFileReference; lastKnownFileType = sourcecode.swift; path = DeepLinkWidgetBundle.swift; sourceTree = "<group>"; };
		A87228B60ADC94D4F137FA61 /* PrintReceiptViews.swift */ = {isa = PBXFileReference; lastKnownFileType = sourcecode.swift; path = PrintReceiptViews.swift; sourceTree = "<group>"; };
		A957AB62D7462A481FAD040B /* DeepLinkTests.xctest */ = {isa = PBXFileReference; includeInIndex = 0; lastKnownFileType = wrapper.cfbundle; path = DeepLinkTests.xctest; sourceTree = BUILT_PRODUCTS_DIR; };
		AA3E6FB8B362B91C6D9F215A /* WorkflowViews.swift */ = {isa = PBXFileReference; lastKnownFileType = sourcecode.swift; path = WorkflowViews.swift; sourceTree = "<group>"; };
		AC5F0E1EC57F13CFE0A39A0A /* CenterModeViews.swift */ = {isa = PBXFileReference; lastKnownFileType = sourcecode.swift; path = CenterModeViews.swift; sourceTree = "<group>"; };
		B17227C6E1374D1DB75293FE /* CredentialStoreTests.swift */ = {isa = PBXFileReference; lastKnownFileType = sourcecode.swift; path = CredentialStoreTests.swift; sourceTree = "<group>"; };
		BA2C3F8FB93686664A85DEB1 /* AppShell.swift */ = {isa = PBXFileReference; lastKnownFileType = sourcecode.swift; path = AppShell.swift; sourceTree = "<group>"; };
		BC262922624328C7E48E8037 /* TeamModels.swift */ = {isa = PBXFileReference; lastKnownFileType = sourcecode.swift; path = TeamModels.swift; sourceTree = "<group>"; };
		C0294DDEAF34C01163BA0F8D /* DashboardSnapshot.swift */ = {isa = PBXFileReference; lastKnownFileType = sourcecode.swift; path = DashboardSnapshot.swift; sourceTree = "<group>"; };
		C3A7D4065387E7162CAAE40D /* HermesAPI.swift */ = {isa = PBXFileReference; lastKnownFileType = sourcecode.swift; path = HermesAPI.swift; sourceTree = "<group>"; };
		C4E2482FF6FD862ADC68DFB4 /* UserDefaults+Shared.swift */ = {isa = PBXFileReference; lastKnownFileType = sourcecode.swift; path = "UserDefaults+Shared.swift"; sourceTree = "<group>"; };
		D72633A1476B059499165E93 /* Models.swift */ = {isa = PBXFileReference; lastKnownFileType = sourcecode.swift; path = Models.swift; sourceTree = "<group>"; };
		D7F9498581E964E85E5EDBF7 /* TeamHubView.swift */ = {isa = PBXFileReference; lastKnownFileType = sourcecode.swift; path = TeamHubView.swift; sourceTree = "<group>"; };
		D82AAD1FCAA42964AE668ADC /* BrokerPairing.swift */ = {isa = PBXFileReference; lastKnownFileType = sourcecode.swift; path = BrokerPairing.swift; sourceTree = "<group>"; };
		E41A29892A401C16B8AD4C5C /* LiveActivityManager.swift */ = {isa = PBXFileReference; lastKnownFileType = sourcecode.swift; path = LiveActivityManager.swift; sourceTree = "<group>"; };
		EA8DCE7A63B3B2870BE2CE53 /* AgentModule.swift */ = {isa = PBXFileReference; lastKnownFileType = sourcecode.swift; path = AgentModule.swift; sourceTree = "<group>"; };
		F80028BE5D49ADB615297858 /* UsageRepository.swift */ = {isa = PBXFileReference; lastKnownFileType = sourcecode.swift; path = UsageRepository.swift; sourceTree = "<group>"; };
/* End PBXFileReference section */

/* Begin PBXGroup section */
		12C6383E8CD182170C387E90 /* Services */ = {
			isa = PBXGroup;
			children = (
				7F835C0785FAA39473F7782E /* AgentBrokerClient.swift */,
				92EAC3085E4E8BE7D1CA4E93 /* AgentDeviceRegistry.swift */,
				C3A7D4065387E7162CAAE40D /* HermesAPI.swift */,
			);
			path = Services;
			sourceTree = "<group>";
		};
		1C540D0EFE744043EFAB1759 /* Settings */ = {
			isa = PBXGroup;
			children = (
				4B232379D1703D6519C90479 /* SettingsHomeView.swift */,
				9A9EE0FA824A9989056A311A /* WidgetPreviewView.swift */,
			);
			path = Settings;
			sourceTree = "<group>";
		};
		402F6AA40953547D6D119709 /* Team */ = {
			isa = PBXGroup;
			children = (
				D7F9498581E964E85E5EDBF7 /* TeamHubView.swift */,
				BC262922624328C7E48E8037 /* TeamModels.swift */,
				038C145163120D3FCC396CAE /* WorkflowModels.swift */,
				AA3E6FB8B362B91C6D9F215A /* WorkflowViews.swift */,
			);
			path = Team;
			sourceTree = "<group>";
		};
		59AE5838808BB3432746C716 /* Features */ = {
			isa = PBXGroup;
			children = (
				752496AD4A56A05FAD964550 /* Agent */,
				CC2AD2CDDE78C6533AFC2C69 /* Auth */,
				D6EF927CB645D296FEE6C837 /* Center */,
				1C540D0EFE744043EFAB1759 /* Settings */,
				402F6AA40953547D6D119709 /* Team */,
			);
			name = Features;
			path = DeepLink/Features;
			sourceTree = "<group>";
		};
		639E1258B9F0F935C6392CD3 /* DeepLink */ = {
			isa = PBXGroup;
			children = (
				978C6CEB8332B9E7D85E698E /* AgentServer.swift */,
				BA2C3F8FB93686664A85DEB1 /* AppShell.swift */,
				5CE52EF7261295BE6E752635 /* Assets.xcassets */,
				856C4E35F19C27245DE6702A /* ContentView.swift */,
				0172A767CBA5983C0FCFF51F /* DashboardStore.swift */,
				7C907391BCD43565FCAC40CA /* DeepLink.entitlements */,
				7FEF6DD93043D6F0A3549C5D /* DeepLinkApp.swift */,
				5879D8AAF8BD205B815FB933 /* DeepSeekProvider.swift */,
				5E66819C91C2EAE8306FBDD1 /* FeatureSupport.swift */,
				92841ABB3C6FDBDC73AE55F8 /* Info.plist */,
				E41A29892A401C16B8AD4C5C /* LiveActivityManager.swift */,
				A87228B60ADC94D4F137FA61 /* PrintReceiptViews.swift */,
				55A0AC4586F0B382D76B824A /* TokenWebView.swift */,
				F80028BE5D49ADB615297858 /* UsageRepository.swift */,
			);
			path = DeepLink;
			sourceTree = "<group>";
		};
		752496AD4A56A05FAD964550 /* Agent */ = {
			isa = PBXGroup;
			children = (
				EA8DCE7A63B3B2870BE2CE53 /* AgentModule.swift */,
				99B5CCF01D5C329641A4DB58 /* AgentWorkspaceViews.swift */,
				D82AAD1FCAA42964AE668ADC /* BrokerPairing.swift */,
				9905C8D4A9A99A34FF2B0574 /* Models */,
				12C6383E8CD182170C387E90 /* Services */,
			);
			path = Agent;
			sourceTree = "<group>";
		};
		75DF97DF0289A3624C130511 /* DeepLinkWidget */ = {
			isa = PBXGroup;
			children = (
				37F5C0A486B2E4FF9E1474CD /* Assets.xcassets */,
				65060513164EB095A7F809C9 /* DeepLinkWidget.swift */,
				A16121C0109ED47B0AE825A8 /* DeepLinkWidgetBundle.swift */,
				36BED873036F3C3CB349875C /* Ext.swift */,
				8C36C0AFF8A325A55276AE22 /* MonitorLiveActivity.swift */,
			);
			path = DeepLinkWidget;
			sourceTree = "<group>";
		};
		9905C8D4A9A99A34FF2B0574 /* Models */ = {
			isa = PBXGroup;
			children = (
				85651220CF25BAF2F51CC7D0 /* AgentConnectionModels.swift */,
			);
			path = Models;
			sourceTree = "<group>";
		};
		9AE1EECCAACE2DA69FE4181F /* Shared */ = {
			isa = PBXGroup;
			children = (
				2E42FA5EEAFDAF0A0CFD8CF8 /* CredentialStore.swift */,
				C0294DDEAF34C01163BA0F8D /* DashboardSnapshot.swift */,
				96A88AD7216E3940C28F1AB9 /* DeepSeekAPI.swift */,
				D72633A1476B059499165E93 /* Models.swift */,
				647C640666CCCC0A6259C227 /* MonitorActivityAttributes.swift */,
				91538B19C33D6706122376A2 /* UsageProvider.swift */,
				C4E2482FF6FD862ADC68DFB4 /* UserDefaults+Shared.swift */,
			);
			path = Shared;
			sourceTree = "<group>";
		};
		CC2AD2CDDE78C6533AFC2C69 /* Auth */ = {
			isa = PBXGroup;
			children = (
				7206179898504C20D8785D1D /* AuthFlowView.swift */,
			);
			path = Auth;
			sourceTree = "<group>";
		};
		D132D0D3D58569B9A751214A /* Products */ = {
			isa = PBXGroup;
			children = (
				20B03113155F900060EA3665 /* DeepLink.app */,
				A957AB62D7462A481FAD040B /* DeepLinkTests.xctest */,
				0E33B1C178E35D170530B827 /* DeepSeekBalanceWidgetExtension.appex */,
			);
			name = Products;
			sourceTree = "<group>";
		};
		D6EF927CB645D296FEE6C837 /* Center */ = {
			isa = PBXGroup;
			children = (
				075B0E3E3051631ED841EEF9 /* CenterHubView.swift */,
				AC5F0E1EC57F13CFE0A39A0A /* CenterModeViews.swift */,
				34AD5C7C76BF31D0BBE6E6DC /* CenterWorkspaceView.swift */,
			);
			path = Center;
			sourceTree = "<group>";
		};
		D9033C84B0B7E44B4B9EC7F8 /* DeepLinkTests */ = {
			isa = PBXGroup;
			children = (
				B17227C6E1374D1DB75293FE /* CredentialStoreTests.swift */,
				8D20CA566F9CB0FF956479A3 /* RepositoryTests.swift */,
			);
			path = DeepLinkTests;
			sourceTree = "<group>";
		};
		EF7D29F9E48E783FC5F0D7A5 = {
			isa = PBXGroup;
			children = (
				639E1258B9F0F935C6392CD3 /* DeepLink */,
				D9033C84B0B7E44B4B9EC7F8 /* DeepLinkTests */,
				75DF97DF0289A3624C130511 /* DeepLinkWidget */,
				59AE5838808BB3432746C716 /* Features */,
				9AE1EECCAACE2DA69FE4181F /* Shared */,
				D132D0D3D58569B9A751214A /* Products */,
			);
			sourceTree = "<group>";
		};
/* End PBXGroup section */

/* Begin PBXNativeTarget section */
		133518FC66BA4C46342CCB36 /* DeepLinkTests */ = {
			isa = PBXNativeTarget;
			buildConfigurationList = 6D9C1F459F4882C9E95C3AF2 /* Build configuration list for PBXNativeTarget "DeepLinkTests" */;
			buildPhases = (
				A8F1689373EE48D04B5F27BF /* Sources */,
			);
			buildRules = (
			);
			dependencies = (
				789AE6194F430A364BD37DA7 /* PBXTargetDependency */,
			);
			name = DeepLinkTests;
			packageProductDependencies = (
			);
			productName = DeepLinkTests;
			productReference = A957AB62D7462A481FAD040B /* DeepLinkTests.xctest */;
			productType = "com.apple.product-type.bundle.unit-test";
		};
		2566AD2F1C73DFF94DED6322 /* DeepSeekBalanceWidgetExtension */ = {
			isa = PBXNativeTarget;
			buildConfigurationList = AFBEB779F7D7E84107473FBF /* Build configuration list for PBXNativeTarget "DeepSeekBalanceWidgetExtension" */;
			buildPhases = (
				D89D5FB6797D1D9AAE542895 /* Sources */,
				A55EDEB5A8DE6D0B3DA1B016 /* Resources */,
			);
			buildRules = (
			);
			dependencies = (
			);
			name = DeepSeekBalanceWidgetExtension;
			packageProductDependencies = (
			);
			productName = DeepSeekBalanceWidgetExtension;
			productReference = 0E33B1C178E35D170530B827 /* DeepSeekBalanceWidgetExtension.appex */;
			productType = "com.apple.product-type.app-extension";
		};
		412CBDDE85A1436B7026113D /* DeepLink */ = {
			isa = PBXNativeTarget;
			buildConfigurationList = BEC82BC64C4FDEE0659DA99D /* Build configuration list for PBXNativeTarget "DeepLink" */;
			buildPhases = (
				35EFD0505CA1A247F126CA42 /* Sources */,
				1BFE4C525A392FFE8287085E /* Resources */,
				E509F0349F6E0F9B23CE0175 /* Embed Foundation Extensions */,
			);
			buildRules = (
			);
			dependencies = (
				0F99B9FF49CA96255E4649AD /* PBXTargetDependency */,
			);
			name = DeepLink;
			packageProductDependencies = (
			);
			productName = DeepLink;
			productReference = 20B03113155F900060EA3665 /* DeepLink.app */;
			productType = "com.apple.product-type.application";
		};
/* End PBXNativeTarget section */

/* Begin PBXProject section */
		539E7A261701A704CAF2CFE4 /* Project object */ = {
			isa = PBXProject;
			attributes = {
				BuildIndependentTargetsInParallel = YES;
				LastUpgradeCheck = 1600;
				TargetAttributes = {
					133518FC66BA4C46342CCB36 = {
						DevelopmentTeam = 534H8W5WL8;
						ProvisioningStyle = Automatic;
					};
					2566AD2F1C73DFF94DED6322 = {
						DevelopmentTeam = 534H8W5WL8;
						ProvisioningStyle = Automatic;
					};
					412CBDDE85A1436B7026113D = {
						DevelopmentTeam = 534H8W5WL8;
						ProvisioningStyle = Automatic;
					};
				};
			};
			buildConfigurationList = DF96224B5EB0D2CE791037D3 /* Build configuration list for PBXProject "DeepLink" */;
			developmentRegion = "zh-Hans";
			hasScannedForEncodings = 0;
			knownRegions = (
				Base,
				"zh-Hans",
			);
			mainGroup = EF7D29F9E48E783FC5F0D7A5;
			minimizedProjectReferenceProxies = 1;
			preferredProjectObjectVersion = 77;
			productRefGroup = D132D0D3D58569B9A751214A /* Products */;
			projectDirPath = "";
			projectRoot = "";
			targets = (
				412CBDDE85A1436B7026113D /* DeepLink */,
				133518FC66BA4C46342CCB36 /* DeepLinkTests */,
				2566AD2F1C73DFF94DED6322 /* DeepSeekBalanceWidgetExtension */,
			);
		};
/* End PBXProject section */

/* Begin PBXResourcesBuildPhase section */
		1BFE4C525A392FFE8287085E /* Resources */ = {
			isa = PBXResourcesBuildPhase;
			buildActionMask = 2147483647;
			files = (
				9214ABFA6E92CEDC6CE4DC93 /* Assets.xcassets in Resources */,
			);
			runOnlyForDeploymentPostprocessing = 0;
		};
		A55EDEB5A8DE6D0B3DA1B016 /* Resources */ = {
			isa = PBXResourcesBuildPhase;
			buildActionMask = 2147483647;
			files = (
				ABEC550CE219AFFD8A89F14A /* Assets.xcassets in Resources */,
			);
			runOnlyForDeploymentPostprocessing = 0;
		};
/* End PBXResourcesBuildPhase section */

/* Begin PBXSourcesBuildPhase section */
		35EFD0505CA1A247F126CA42 /* Sources */ = {
			isa = PBXSourcesBuildPhase;
			buildActionMask = 2147483647;
			files = (
				E32C204FE5DEE4DB4240AD84 /* AgentBrokerClient.swift in Sources */,
				3CB51D098FD79E6FCE3EB541 /* AgentConnectionModels.swift in Sources */,
				19258AEF1054C6543895B1AE /* AgentDeviceRegistry.swift in Sources */,
				DD428757843AED66F68B91AE /* AgentModule.swift in Sources */,
				69EE515177181D45D1157239 /* AgentServer.swift in Sources */,
				25023885BE4147763E12655B /* AgentWorkspaceViews.swift in Sources */,
				6B370B80ADC063B1E0D2724E /* AppShell.swift in Sources */,
				07A8CB574EEB8835C0142FF1 /* AuthFlowView.swift in Sources */,
				FCC7C2CA8A95BEE47836622C /* BrokerPairing.swift in Sources */,
				407FADB25482BACF3D90ABD2 /* CenterHubView.swift in Sources */,
				C305338EFE197E530473667E /* CenterModeViews.swift in Sources */,
				20665CEBE9C4B0BBCD308F8D /* CenterWorkspaceView.swift in Sources */,
				9F2EB3B959D6995DDC5C5DFD /* ContentView.swift in Sources */,
				6F9909B05FE89A49F36BBA44 /* CredentialStore.swift in Sources */,
				42F72AABB2777D443763DAC7 /* DashboardSnapshot.swift in Sources */,
				D9EE88243FC0D2CB8FFBA3F4 /* DashboardStore.swift in Sources */,
				880676DD48FF315DC7533C81 /* DeepLinkApp.swift in Sources */,
				CEABEC6B808A37297F650E5E /* DeepSeekAPI.swift in Sources */,
				D86074525D9A72A157FE6722 /* DeepSeekProvider.swift in Sources */,
				CD0489D72F13F89B90BD0A11 /* FeatureSupport.swift in Sources */,
				BD7EFA52F227DB349C024437 /* HermesAPI.swift in Sources */,
				5C9EF38CA6A7A2A823290716 /* LiveActivityManager.swift in Sources */,
				F9F8F705171CB6CCFAC294C3 /* Models.swift in Sources */,
				6D99A740B7B8C8687AF4A562 /* MonitorActivityAttributes.swift in Sources */,
				91608042272E9C02BB12D16F /* PrintReceiptViews.swift in Sources */,
				9C5A205DAA635EDC0A749957 /* SettingsHomeView.swift in Sources */,
				854C2A4D18962B762FA630D3 /* TeamHubView.swift in Sources */,
				682F7FC4DE72A08A82B41734 /* TeamModels.swift in Sources */,
				C7D5171FEBECB54AD30E8050 /* TokenWebView.swift in Sources */,
				78D4DFD4DDC886F89A71B597 /* UsageProvider.swift in Sources */,
				A6CB456D6986428DE7FEB93B /* UsageRepository.swift in Sources */,
				E4AEE422CDB90482F6E106A5 /* UserDefaults+Shared.swift in Sources */,
				CBA4D14904F8ACAB22F9BD9E /* WidgetPreviewView.swift in Sources */,
				EF151B6B717D11D55DDB2306 /* WorkflowModels.swift in Sources */,
				80E45A717AA588B768FF5512 /* WorkflowViews.swift in Sources */,
			);
			runOnlyForDeploymentPostprocessing = 0;
		};
		A8F1689373EE48D04B5F27BF /* Sources */ = {
			isa = PBXSourcesBuildPhase;
			buildActionMask = 2147483647;
			files = (
				9BDC518F532EA80BE44779CD /* CredentialStoreTests.swift in Sources */,
				CBAA6CBC36F2D76319B11305 /* RepositoryTests.swift in Sources */,
			);
			runOnlyForDeploymentPostprocessing = 0;
		};
		D89D5FB6797D1D9AAE542895 /* Sources */ = {
			isa = PBXSourcesBuildPhase;
			buildActionMask = 2147483647;
			files = (
				5CAD020F878F7D49EE15ECD6 /* CredentialStore.swift in Sources */,
				C8537F007009E072E1F4A1D8 /* DashboardSnapshot.swift in Sources */,
				A59237C23ABE33CFF46996A0 /* DeepLinkWidget.swift in Sources */,
				4EA6DD6F4770799FFA52C949 /* DeepLinkWidgetBundle.swift in Sources */,
				02386108A9F375CE2473F930 /* DeepSeekAPI.swift in Sources */,
				6273B8036F1145F7A4393E72 /* Ext.swift in Sources */,
				0B5FDACA8E047D5026598591 /* Models.swift in Sources */,
				580212F7355956BFA67614D5 /* MonitorActivityAttributes.swift in Sources */,
				00AB6F54F5BA95C969161C15 /* MonitorLiveActivity.swift in Sources */,
				32FEF3AB01F15FCF226FFF1D /* UsageProvider.swift in Sources */,
				33B47159602E8B0FBBF81B44 /* UserDefaults+Shared.swift in Sources */,
			);
			runOnlyForDeploymentPostprocessing = 0;
		};
/* End PBXSourcesBuildPhase section */

/* Begin PBXTargetDependency section */
		0F99B9FF49CA96255E4649AD /* PBXTargetDependency */ = {
			isa = PBXTargetDependency;
			target = 2566AD2F1C73DFF94DED6322 /* DeepSeekBalanceWidgetExtension */;
			targetProxy = 47CCF9413B5A4D335B033B5E /* PBXContainerItemProxy */;
		};
		789AE6194F430A364BD37DA7 /* PBXTargetDependency */ = {
			isa = PBXTargetDependency;
			target = 412CBDDE85A1436B7026113D /* DeepLink */;
			targetProxy = 7649953CA6172A14570870B9 /* PBXContainerItemProxy */;
		};
/* End PBXTargetDependency section */

/* Begin XCBuildConfiguration section */
		2942BBBCE517AB13A5DCEB35 /* Debug */ = {
			isa = XCBuildConfiguration;
			buildSettings = {
				ASSETCATALOG_COMPILER_APPICON_NAME = AppIcon;
				CODE_SIGN_ENTITLEMENTS = DeepLink/DeepLink.entitlements;
				CODE_SIGN_IDENTITY = "iPhone Developer";
				CODE_SIGN_STYLE = Automatic;
				DEVELOPMENT_TEAM = 534H8W5WL8;
				INFOPLIST_FILE = DeepLink/Info.plist;
				INFOPLIST_KEY_CFBundleDisplayName = DeepLink;
				INFOPLIST_KEY_NSSupportsLiveActivities = YES;
				INFOPLIST_KEY_UIApplicationSupportsIndirectInputEvents = YES;
				INFOPLIST_KEY_UILaunchScreen_Generation = YES;
				IPHONEOS_DEPLOYMENT_TARGET = 18.0;
				LD_RUNPATH_SEARCH_PATHS = (
					"$(inherited)",
					"@executable_path/Frameworks",
				);
				PRODUCT_BUNDLE_IDENTIFIER = com.deeplink.balance;
				SDKROOT = iphoneos;
				SUPPORTED_INTERFACE_ORIENTATIONS = (
					UIInterfaceOrientationPortrait,
				);
				TARGETED_DEVICE_FAMILY = "1,2";
			};
			name = Debug;
		};
		32E46F923D538944F0B6EC2B /* Debug */ = {
			isa = XCBuildConfiguration;
			buildSettings = {
				ALWAYS_SEARCH_USER_PATHS = NO;
				CLANG_ANALYZER_NONNULL = YES;
				CLANG_ANALYZER_NUMBER_OBJECT_CONVERSION = YES_AGGRESSIVE;
				CLANG_CXX_LANGUAGE_STANDARD = "gnu++14";
				CLANG_CXX_LIBRARY = "libc++";
				CLANG_ENABLE_MODULES = YES;
				CLANG_ENABLE_OBJC_ARC = YES;
				CLANG_ENABLE_OBJC_WEAK = YES;
				CLANG_WARN_BLOCK_CAPTURE_AUTORELEASING = YES;
				CLANG_WARN_BOOL_CONVERSION = YES;
				CLANG_WARN_COMMA = YES;
				CLANG_WARN_CONSTANT_CONVERSION = YES;
				CLANG_WARN_DEPRECATED_OBJC_IMPLEMENTATIONS = YES;
				CLANG_WARN_DIRECT_OBJC_ISA_USAGE = YES_ERROR;
				CLANG_WARN_DOCUMENTATION_COMMENTS = YES;
				CLANG_WARN_EMPTY_BODY = YES;
				CLANG_WARN_ENUM_CONVERSION = YES;
				CLANG_WARN_INFINITE_RECURSION = YES;
				CLANG_WARN_INT_CONVERSION = YES;
				CLANG_WARN_NON_LITERAL_NULL_CONVERSION = YES;
				CLANG_WARN_OBJC_IMPLICIT_RETAIN_SELF = YES;
				CLANG_WARN_OBJC_LITERAL_CONVERSION = YES;
				CLANG_WARN_OBJC_ROOT_CLASS = YES_ERROR;
				CLANG_WARN_QUOTED_INCLUDE_IN_FRAMEWORK_HEADER = YES;
				CLANG_WARN_RANGE_LOOP_ANALYSIS = YES;
				CLANG_WARN_STRICT_PROTOTYPES = YES;
				CLANG_WARN_SUSPICIOUS_MOVE = YES;
				CLANG_WARN_UNGUARDED_AVAILABILITY = YES_AGGRESSIVE;
				CLANG_WARN_UNREACHABLE_CODE = YES;
				CLANG_WARN__DUPLICATE_METHOD_MATCH = YES;
				COPY_PHASE_STRIP = NO;
				CURRENT_PROJECT_VERSION = 1;
				DEBUG_INFORMATION_FORMAT = dwarf;
				ENABLE_STRICT_OBJC_MSGSEND = YES;
				ENABLE_TESTABILITY = YES;
				GCC_C_LANGUAGE_STANDARD = gnu11;
				GCC_DYNAMIC_NO_PIC = NO;
				GCC_NO_COMMON_BLOCKS = YES;
				GCC_OPTIMIZATION_LEVEL = 0;
				GCC_PREPROCESSOR_DEFINITIONS = (
					"$(inherited)",
					"DEBUG=1",
				);
				GCC_WARN_64_TO_32_BIT_CONVERSION = YES;
				GCC_WARN_ABOUT_RETURN_TYPE = YES_ERROR;
				GCC_WARN_UNDECLARED_SELECTOR = YES;
				GCC_WARN_UNINITIALIZED_AUTOS = YES_AGGRESSIVE;
				GCC_WARN_UNUSED_FUNCTION = YES;
				GCC_WARN_UNUSED_VARIABLE = YES;
				IPHONEOS_DEPLOYMENT_TARGET = 18.0;
				MARKETING_VERSION = 1.0;
				MTL_ENABLE_DEBUG_INFO = INCLUDE_SOURCE;
				MTL_FAST_MATH = YES;
				ONLY_ACTIVE_ARCH = YES;
				PRODUCT_NAME = "$(TARGET_NAME)";
				SDKROOT = iphoneos;
				SWIFT_ACTIVE_COMPILATION_CONDITIONS = DEBUG;
				SWIFT_OPTIMIZATION_LEVEL = "-Onone";
				SWIFT_VERSION = 5.0;
			};
			name = Debug;
		};
		37B9EED2C1AD63314FC3F4E5 /* Release */ = {
			isa = XCBuildConfiguration;
			buildSettings = {
				ALWAYS_SEARCH_USER_PATHS = NO;
				CLANG_ANALYZER_NONNULL = YES;
				CLANG_ANALYZER_NUMBER_OBJECT_CONVERSION = YES_AGGRESSIVE;
				CLANG_CXX_LANGUAGE_STANDARD = "gnu++14";
				CLANG_CXX_LIBRARY = "libc++";
				CLANG_ENABLE_MODULES = YES;
				CLANG_ENABLE_OBJC_ARC = YES;
				CLANG_ENABLE_OBJC_WEAK = YES;
				CLANG_WARN_BLOCK_CAPTURE_AUTORELEASING = YES;
				CLANG_WARN_BOOL_CONVERSION = YES;
				CLANG_WARN_COMMA = YES;
				CLANG_WARN_CONSTANT_CONVERSION = YES;
				CLANG_WARN_DEPRECATED_OBJC_IMPLEMENTATIONS = YES;
				CLANG_WARN_DIRECT_OBJC_ISA_USAGE = YES_ERROR;
				CLANG_WARN_DOCUMENTATION_COMMENTS = YES;
				CLANG_WARN_EMPTY_BODY = YES;
				CLANG_WARN_ENUM_CONVERSION = YES;
				CLANG_WARN_INFINITE_RECURSION = YES;
				CLANG_WARN_INT_CONVERSION = YES;
				CLANG_WARN_NON_LITERAL_NULL_CONVERSION = YES;
				CLANG_WARN_OBJC_IMPLICIT_RETAIN_SELF = YES;
				CLANG_WARN_OBJC_LITERAL_CONVERSION = YES;
				CLANG_WARN_OBJC_ROOT_CLASS = YES_ERROR;
				CLANG_WARN_QUOTED_INCLUDE_IN_FRAMEWORK_HEADER = YES;
				CLANG_WARN_RANGE_LOOP_ANALYSIS = YES;
				CLANG_WARN_STRICT_PROTOTYPES = YES;
				CLANG_WARN_SUSPICIOUS_MOVE = YES;
				CLANG_WARN_UNGUARDED_AVAILABILITY = YES_AGGRESSIVE;
				CLANG_WARN_UNREACHABLE_CODE = YES;
				CLANG_WARN__DUPLICATE_METHOD_MATCH = YES;
				COPY_PHASE_STRIP = NO;
				CURRENT_PROJECT_VERSION = 1;
				DEBUG_INFORMATION_FORMAT = "dwarf-with-dsym";
				ENABLE_NS_ASSERTIONS = NO;
				ENABLE_STRICT_OBJC_MSGSEND = YES;
				GCC_C_LANGUAGE_STANDARD = gnu11;
				GCC_NO_COMMON_BLOCKS = YES;
				GCC_WARN_64_TO_32_BIT_CONVERSION = YES;
				GCC_WARN_ABOUT_RETURN_TYPE = YES_ERROR;
				GCC_WARN_UNDECLARED_SELECTOR = YES;
				GCC_WARN_UNINITIALIZED_AUTOS = YES_AGGRESSIVE;
				GCC_WARN_UNUSED_FUNCTION = YES;
				GCC_WARN_UNUSED_VARIABLE = YES;
				IPHONEOS_DEPLOYMENT_TARGET = 18.0;
				MARKETING_VERSION = 1.0;
				MTL_ENABLE_DEBUG_INFO = NO;
				MTL_FAST_MATH = YES;
				PRODUCT_NAME = "$(TARGET_NAME)";
				SDKROOT = iphoneos;
				SWIFT_COMPILATION_MODE = wholemodule;
				SWIFT_OPTIMIZATION_LEVEL = "-O";
				SWIFT_VERSION = 5.0;
			};
			name = Release;
		};
		78B1B17A55B0ECC0D88DDB0F /* Debug */ = {
			isa = XCBuildConfiguration;
			buildSettings = {
				CODE_SIGN_ENTITLEMENTS = DeepLinkWidget/DeepLinkWidget.entitlements;
				CODE_SIGN_STYLE = Automatic;
				DEVELOPMENT_TEAM = 534H8W5WL8;
				INFOPLIST_FILE = DeepLinkWidget/Info.plist;
				IPHONEOS_DEPLOYMENT_TARGET = 18.0;
				LD_RUNPATH_SEARCH_PATHS = (
					"$(inherited)",
					"@executable_path/Frameworks",
					"@executable_path/../../Frameworks",
				);
				PRODUCT_BUNDLE_IDENTIFIER = com.deeplink.balance.widget;
				SDKROOT = iphoneos;
				SKIP_INSTALL = YES;
				SUPPORTED_INTERFACE_ORIENTATIONS = (
					UIInterfaceOrientationPortrait,
				);
				TARGETED_DEVICE_FAMILY = "1,2";
			};
			name = Debug;
		};
		8AAC9B28F3662626B3E114CD /* Release */ = {
			isa = XCBuildConfiguration;
			buildSettings = {
				BUNDLE_LOADER = "$(TEST_HOST)";
				CODE_SIGN_STYLE = Automatic;
				DEVELOPMENT_TEAM = 534H8W5WL8;
				GENERATE_INFOPLIST_FILE = YES;
				IPHONEOS_DEPLOYMENT_TARGET = 18.0;
				LD_RUNPATH_SEARCH_PATHS = (
					"$(inherited)",
					"@executable_path/Frameworks",
					"@loader_path/Frameworks",
				);
				PRODUCT_BUNDLE_IDENTIFIER = com.deepseek.balance.tests;
				SDKROOT = iphoneos;
				TARGETED_DEVICE_FAMILY = "1,2";
				TEST_HOST = "$(BUILT_PRODUCTS_DIR)/DeepLink.app/DeepLink";
			};
			name = Release;
		};
		9555FEA6155920EAA2EE5FA6 /* Release */ = {
			isa = XCBuildConfiguration;
			buildSettings = {
				CODE_SIGN_ENTITLEMENTS = DeepLinkWidget/DeepLinkWidget.entitlements;
				CODE_SIGN_STYLE = Automatic;
				DEVELOPMENT_TEAM = 534H8W5WL8;
				INFOPLIST_FILE = DeepLinkWidget/Info.plist;
				IPHONEOS_DEPLOYMENT_TARGET = 18.0;
				LD_RUNPATH_SEARCH_PATHS = (
					"$(inherited)",
					"@executable_path/Frameworks",
					"@executable_path/../../Frameworks",
				);
				PRODUCT_BUNDLE_IDENTIFIER = com.deeplink.balance.widget;
				SDKROOT = iphoneos;
				SKIP_INSTALL = YES;
				SUPPORTED_INTERFACE_ORIENTATIONS = (
					UIInterfaceOrientationPortrait,
				);
				TARGETED_DEVICE_FAMILY = "1,2";
			};
			name = Release;
		};
		E32EAE99231A1296BE40CCAF /* Debug */ = {
			isa = XCBuildConfiguration;
			buildSettings = {
				BUNDLE_LOADER = "$(TEST_HOST)";
				CODE_SIGN_STYLE = Automatic;
				DEVELOPMENT_TEAM = 534H8W5WL8;
				GENERATE_INFOPLIST_FILE = YES;
				IPHONEOS_DEPLOYMENT_TARGET = 18.0;
				LD_RUNPATH_SEARCH_PATHS = (
					"$(inherited)",
					"@executable_path/Frameworks",
					"@loader_path/Frameworks",
				);
				PRODUCT_BUNDLE_IDENTIFIER = com.deepseek.balance.tests;
				SDKROOT = iphoneos;
				TARGETED_DEVICE_FAMILY = "1,2";
				TEST_HOST = "$(BUILT_PRODUCTS_DIR)/DeepLink.app/DeepLink";
			};
			name = Debug;
		};
		F8B1AD6B57D01AECA1CB18AD /* Release */ = {
			isa = XCBuildConfiguration;
			buildSettings = {
				ASSETCATALOG_COMPILER_APPICON_NAME = AppIcon;
				CODE_SIGN_ENTITLEMENTS = DeepLink/DeepLink.entitlements;
				CODE_SIGN_IDENTITY = "iPhone Developer";
				CODE_SIGN_STYLE = Automatic;
				DEVELOPMENT_TEAM = 534H8W5WL8;
				INFOPLIST_FILE = DeepLink/Info.plist;
				INFOPLIST_KEY_CFBundleDisplayName = DeepLink;
				INFOPLIST_KEY_NSSupportsLiveActivities = YES;
				INFOPLIST_KEY_UIApplicationSupportsIndirectInputEvents = YES;
				INFOPLIST_KEY_UILaunchScreen_Generation = YES;
				IPHONEOS_DEPLOYMENT_TARGET = 18.0;
				LD_RUNPATH_SEARCH_PATHS = (
					"$(inherited)",
					"@executable_path/Frameworks",
				);
				PRODUCT_BUNDLE_IDENTIFIER = com.deeplink.balance;
				SDKROOT = iphoneos;
				SUPPORTED_INTERFACE_ORIENTATIONS = (
					UIInterfaceOrientationPortrait,
				);
				TARGETED_DEVICE_FAMILY = "1,2";
			};
			name = Release;
		};
/* End XCBuildConfiguration section */

/* Begin XCConfigurationList section */
		6D9C1F459F4882C9E95C3AF2 /* Build configuration list for PBXNativeTarget "DeepLinkTests" */ = {
			isa = XCConfigurationList;
			buildConfigurations = (
				E32EAE99231A1296BE40CCAF /* Debug */,
				8AAC9B28F3662626B3E114CD /* Release */,
			);
			defaultConfigurationIsVisible = 0;
			defaultConfigurationName = Debug;
		};
		AFBEB779F7D7E84107473FBF /* Build configuration list for PBXNativeTarget "DeepSeekBalanceWidgetExtension" */ = {
			isa = XCConfigurationList;
			buildConfigurations = (
				78B1B17A55B0ECC0D88DDB0F /* Debug */,
				9555FEA6155920EAA2EE5FA6 /* Release */,
			);
			defaultConfigurationIsVisible = 0;
			defaultConfigurationName = Debug;
		};
		BEC82BC64C4FDEE0659DA99D /* Build configuration list for PBXNativeTarget "DeepLink" */ = {
			isa = XCConfigurationList;
			buildConfigurations = (
				2942BBBCE517AB13A5DCEB35 /* Debug */,
				F8B1AD6B57D01AECA1CB18AD /* Release */,
			);
			defaultConfigurationIsVisible = 0;
			defaultConfigurationName = Debug;
		};
		DF96224B5EB0D2CE791037D3 /* Build configuration list for PBXProject "DeepLink" */ = {
			isa = XCConfigurationList;
			buildConfigurations = (
				32E46F923D538944F0B6EC2B /* Debug */,
				37B9EED2C1AD63314FC3F4E5 /* Release */,
			);
			defaultConfigurationIsVisible = 0;
			defaultConfigurationName = Debug;
		};
/* End XCConfigurationList section */
	};
	rootObject = 539E7A261701A704CAF2CFE4 /* Project object */;
}
