// !$*UTF8*$!
{
	archiveVersion = 1;
	classes = {
	};
	objectVersion = 56;
	objects = {

/* Begin PBXBuildFile section */
		74488605E782F229236D8205 /* App.swift in Sources */ = {isa = PBXBuildFile; fileRef = 4700B2AE631070FF932A8DF1; };
		88CB5E67D9F203CEBCA853C1 /* Ext.swift in Sources */ = {isa = PBXBuildFile; fileRef = 655B0DD7329B6F4FE256098C; };
/* End PBXBuildFile section */

/* Begin PBXFileReference section */
		DEBF6008A051967178352133 /* App.app */ = {isa = PBXFileReference; explicitFileType = wrapper.application; includeInIndex = 0; path = App.app; sourceTree = BUILT_PRODUCTS_DIR; };
		4700B2AE631070FF932A8DF1 /* App.swift */ = {isa = PBXFileReference; lastKnownFileType = sourcecode.swift; path = App.swift; sourceTree = "<group>"; };
		655B0DD7329B6F4FE256098C /* Ext.swift */ = {isa = PBXFileReference; lastKnownFileType = sourcecode.swift; path = Ext.swift; sourceTree = "<group>"; };
		10909CC3BFE3FCBE5BDA8153 /* Ext.appex */ = {isa = PBXFileReference; explicitFileType = "wrapper.app-extension"; includeInIndex = 0; path = Ext.appex; sourceTree = BUILT_PRODUCTS_DIR; };
/* End PBXFileReference section */

/* Begin PBXGroup section */
		EEE26E2E7FEFBA7E96FE30B2 = {
			isa = PBXGroup;
			children = (
				4133148486FD3F88917196CC /* App */,
				57AB0B836DFC7C7F481EEB9C /* Extension */,
				22FA749F46EB0A5BEDC7ECB3 /* Products */,
			);
			sourceTree = "<group>";
		};
		4133148486FD3F88917196CC /* App */ = {
			isa = PBXGroup;
			children = ( 4700B2AE631070FF932A8DF1 );
			path = App;
			sourceTree = "<group>";
		};
		57AB0B836DFC7C7F481EEB9C /* Extension */ = {
			isa = PBXGroup;
			children = ( 655B0DD7329B6F4FE256098C );
			path = Extension;
			sourceTree = "<group>";
		};
		22FA749F46EB0A5BEDC7ECB3 /* Products */ = {
			isa = PBXGroup;
			children = ( DEBF6008A051967178352133, 10909CC3BFE3FCBE5BDA8153 );
			name = Products;
			sourceTree = "<group>";
		};
/* End PBXGroup section */

/* Begin PBXNativeTarget section */
		0B2F908F4F664B0A34BD8BCA /* App */ = {
			isa = PBXNativeTarget;
			buildConfigurationList = 3310DDD30EFB4A8C6AB9C189;
			buildPhases = ( 0E6A12D3A2421A876715DC66, B13A63579D1184201E05F633, 99AEF87373BB8E0DBCA64F78 );
			buildRules = ( );
			dependencies = ( );
			name = App;
			productName = App;
			productReference = DEBF6008A051967178352133;
			productType = "com.apple.product-type.application";
		};
		AF7FA2B1915DE87FF5EA652F /* Extension */ = {
			isa = PBXNativeTarget;
			buildConfigurationList = 42A4BBD1E22C1BA6538E673A;
			buildPhases = ( B05AA93C9D91E17010F9EE22, 203924A12C3B5EB8780C2AE9, 41791EC816E7B31E4BD8A4B7 );
			buildRules = ( );
			dependencies = ( );
			name = Extension;
			productName = Extension;
			productReference = 10909CC3BFE3FCBE5BDA8153;
			productType = "com.apple.product-type.app-extension";
		};
/* End PBXNativeTarget section */

/* Begin PBXProject section */
		DD7512F5E0289CDDCE66B0F8 /* Project object */ = {
			isa = PBXProject;
			attributes = {
				BuildIndependentTargetsInParallel = 1;
				LastSwiftUpdateCheck = 2600;
				LastUpgradeCheck = 2600;
				TargetAttributes = {
					0B2F908F4F664B0A34BD8BCA = { 						CreatedOnToolsVersion = 26.0; 					};
					AF7FA2B1915DE87FF5EA652F = { 						CreatedOnToolsVersion = 26.0; 					};
				};
			};
			buildConfigurationList = B9EACD5B950CEA3A53B1A8E9;
			compatibilityVersion = "Xcode 16.0";
			developmentRegion = "zh-Hans";
			hasScannedForEncodings = 0;
			knownRegions = ( en, "zh-Hans", Base );
			mainGroup = EEE26E2E7FEFBA7E96FE30B2;
			productRefGroup = 22FA749F46EB0A5BEDC7ECB3;
			projectDirPath = "";
			projectRoot = "";
			targets = ( 0B2F908F4F664B0A34BD8BCA, AF7FA2B1915DE87FF5EA652F );
		};
/* End PBXProject section */

/* Begin PBXSourcesBuildPhase section */
		0E6A12D3A2421A876715DC66 /* Sources */ = { 			isa = PBXSourcesBuildPhase; 			buildActionMask = 2147483647; 			files = ( 74488605E782F229236D8205 ); 			runOnlyForDeploymentPostprocessing = 0; 		};
		B05AA93C9D91E17010F9EE22 /* Sources */ = { 			isa = PBXSourcesBuildPhase; 			buildActionMask = 2147483647; 			files = ( 88CB5E67D9F203CEBCA853C1 ); 			runOnlyForDeploymentPostprocessing = 0; 		};
/* End PBXSourcesBuildPhase section */

/* Begin PBXFrameworksBuildPhase section */
		B13A63579D1184201E05F633 /* Frameworks */ = { 			isa = PBXFrameworksBuildPhase; 			buildActionMask = 2147483647; 			files = ( ); 			runOnlyForDeploymentPostprocessing = 0; 		};
		203924A12C3B5EB8780C2AE9 /* Frameworks */ = { 			isa = PBXFrameworksBuildPhase; 			buildActionMask = 2147483647; 			files = ( ); 			runOnlyForDeploymentPostprocessing = 0; 		};
/* End PBXFrameworksBuildPhase section */

/* Begin PBXResourcesBuildPhase section */
		99AEF87373BB8E0DBCA64F78 /* Resources */ = { 			isa = PBXResourcesBuildPhase; 			buildActionMask = 2147483647; 			files = ( ); 			runOnlyForDeploymentPostprocessing = 0; 		};
		41791EC816E7B31E4BD8A4B7 /* Resources */ = { 			isa = PBXResourcesBuildPhase; 			buildActionMask = 2147483647; 			files = ( ); 			runOnlyForDeploymentPostprocessing = 0; 		};
/* End PBXResourcesBuildPhase section */

/* Begin XCConfigurationList section */
		3310DDD30EFB4A8C6AB9C189 /* App config list */ = { 			isa = XCConfigurationList; 			buildConfigurations = ( 5C3C9E615D042BB090880EF4, E5AAB01F009BA87DFE0AC398 ); 			defaultConfigurationIsVisible = 0; 			defaultConfigurationName = Release; 		};
		42A4BBD1E22C1BA6538E673A /* Ext config list */ = { 			isa = XCConfigurationList; 			buildConfigurations = ( 6824BC7EE13055FAF7D97466, ABD53906C02F19E98F4B9F50 ); 			defaultConfigurationIsVisible = 0; 			defaultConfigurationName = Release; 		};
		B9EACD5B950CEA3A53B1A8E9 /* Proj config list */ = { 			isa = XCConfigurationList; 			buildConfigurations = ( E31B23D63E89396912933D6F, 56B72F7CBE3B4401AE1CEEE9 ); 			defaultConfigurationIsVisible = 0; 			defaultConfigurationName = Release; 		};
/* End XCConfigurationList section */

/* Begin XCBuildConfiguration section */
		E31B23D63E89396912933D6F /* Debug */ = { 			isa = XCBuildConfiguration; 			buildSettings = { 				ALWAYS_SEARCH_USER_PATHS = NO; 				IPHONEOS_DEPLOYMENT_TARGET = 18.0; 				SDKROOT = iphoneos; 				SWIFT_VERSION = 5.0; 			}; 			name = Debug; 		};
		56B72F7CBE3B4401AE1CEEE9 /* Release */ = { 			isa = XCBuildConfiguration; 			buildSettings = { 				ALWAYS_SEARCH_USER_PATHS = NO; 				IPHONEOS_DEPLOYMENT_TARGET = 18.0; 				SDKROOT = iphoneos; 				SWIFT_VERSION = 5.0; 			}; 			name = Release; 		};
		5C3C9E615D042BB090880EF4 /* App Debug */ = { 			isa = XCBuildConfiguration; 			buildSettings = { 				CODE_SIGN_STYLE = Automatic; 				GENERATE_INFOPLIST_FILE = YES; 				PRODUCT_BUNDLE_IDENTIFIER = "com.test.app"; 				PRODUCT_NAME = "$(TARGET_NAME)"; 				SWIFT_VERSION = 5.0; 				TARGETED_DEVICE_FAMILY = "1,2"; 			}; 			name = Debug; 		};
		E5AAB01F009BA87DFE0AC398 /* App Release */ = { 			isa = XCBuildConfiguration; 			buildSettings = { 				CODE_SIGN_STYLE = Automatic; 				GENERATE_INFOPLIST_FILE = YES; 				PRODUCT_BUNDLE_IDENTIFIER = "com.test.app"; 				PRODUCT_NAME = "$(TARGET_NAME)"; 				SWIFT_VERSION = 5.0; 				TARGETED_DEVICE_FAMILY = "1,2"; 			}; 			name = Release; 		};
		6824BC7EE13055FAF7D97466 /* Ext Debug */ = { 			isa = XCBuildConfiguration; 			buildSettings = { 				CODE_SIGN_STYLE = Automatic; 				GENERATE_INFOPLIST_FILE = YES; 				PRODUCT_BUNDLE_IDENTIFIER = "com.test.app.ext"; 				PRODUCT_NAME = "$(TARGET_NAME)"; 				SKIP_INSTALL = YES; 				SWIFT_VERSION = 5.0; 				TARGETED_DEVICE_FAMILY = "1,2"; 			}; 			name = Debug; 		};
		ABD53906C02F19E98F4B9F50 /* Ext Release */ = { 			isa = XCBuildConfiguration; 			buildSettings = { 				CODE_SIGN_STYLE = Automatic; 				GENERATE_INFOPLIST_FILE = YES; 				PRODUCT_BUNDLE_IDENTIFIER = "com.test.app.ext"; 				PRODUCT_NAME = "$(TARGET_NAME)"; 				SKIP_INSTALL = YES; 				SWIFT_VERSION = 5.0; 				TARGETED_DEVICE_FAMILY = "1,2"; 			}; 			name = Release; 		};
/* End XCBuildConfiguration section */

/* Begin PBXContainerItemProxy section */
/* End PBXContainerItemProxy section */
/* Begin PBXCopyFilesBuildPhase section */
/* End PBXCopyFilesBuildPhase section */
/* Begin PBXShellScriptBuildPhase section */
/* End PBXShellScriptBuildPhase section */
/* Begin PBXTargetDependency section */
/* End PBXTargetDependency section */

	};
	rootObject = DD7512F5E0289CDDCE66B0F8 /* Project object */;
}
